
Microsoft Visual Studio Solution File, Format Version 12.00
# Visual Studio Version 17
VisualStudioVersion = 17.7.34031.279
MinimumVisualStudioVersion = 10.0.40219.1
Project("{8BC9CEB8-8B4A-11D0-8D11-00A0C91BC942}") = "2DGameEngine", "2DGameEngine\2DGameEngine.vcxproj", "{D10F02C2-DA5B-4C9F-A5C8-C028B622B9DA}"
EndProject
Global
	GlobalSection(SolutionConfigurationPlatforms) = preSolution
		Debug|x64 = Debug|x64
		Debug|x86 = Debug|x86
		Release|x64 = Release|x64
		Release|x86 = Release|x86
	EndGlobalSection
	GlobalSection(ProjectConfigurationPlatforms) = postSolution
		{D10F02C2-DA5B-4C9F-A5C8-C028B622B9DA}.Debug|x64.ActiveCfg = Debug|x64
		{D10F02C2-DA5B-4C9F-A5C8-C028B622B9DA}.Debug|x64.Build.0 = Debug|x64
		{D10F02C2-DA5B-4C9F-A5C8-C028B622B9DA}.Debug|x86.ActiveCfg = Debug|Win32
		{D10F02C2-DA5B-4C9F-A5C8-C028B622B9DA}.Debug|x86.Build.0 = Debug|Win32
		{D10F02C2-DA5B-4C9F-A5C8-C028B622B9DA}.Release|x64.ActiveCfg = Release|x64
		{D10F02C2-DA5B-4C9F-A5C8-C028B622B9DA}.Release|x64.Build.0 = Release|x64
		{D10F02C2-DA5B-4C9F-A5C8-C028B622B9DA}.Release|x86.ActiveCfg = Release|Win32
		{D10F02C2-DA5B-4C9F-A5C8-C028B622B9DA}.Release|x86.Build.0 = Release|Win32
	EndGlobalSection
	GlobalSection(SolutionProperties) = preSolution
		HideSolutionNode = FALSE
	EndGlobalSection
	GlobalSection(ExtensibilityGlobals) = postSolution
		SolutionGuid = {BBBD141F-F0A9-466E-AE38-809CAB191F7B}
	EndGlobalSection
EndGlobal
